
Microsoft Visual Studio Solution File, Format Version 12.00
# Visual Studio 15
VisualStudioVersion = 15.0.27703.2042
MinimumVisualStudioVersion = 10.0.40219.1
Project("{FAE04EC0-301F-11D3-BF4B-00C04F79EFBC}") = "QnaQuickstartCreateKnowledgebase", "QnaQuickstartCreateKnowledgebase\QnaQuickstartCreateKnowledgebase.csproj", "{4CBB0A03-1E07-4040-AC8A-7B29A6A81022}"
EndProject
Global
	GlobalSection(SolutionConfigurationPlatforms) = preSolution
		Debug|Any CPU = Debug|Any CPU
		Release|Any CPU = Release|Any CPU
	EndGlobalSection
	GlobalSection(ProjectConfigurationPlatforms) = postSolution
		{4CBB0A03-1E07-4040-AC8A-7B29A6A81022}.Debug|Any CPU.ActiveCfg = Debug|Any CPU
		{4CBB0A03-1E07-4040-AC8A-7B29A6A81022}.Debug|Any CPU.Build.0 = Debug|Any CPU
		{4CBB0A03-1E07-4040-AC8A-7B29A6A81022}.Release|Any CPU.ActiveCfg = Release|Any CPU
		{4CBB0A03-1E07-4040-AC8A-7B29A6A81022}.Release|Any CPU.Build.0 = Release|Any CPU
	EndGlobalSection
	GlobalSection(SolutionProperties) = preSolution
		HideSolutionNode = FALSE
	EndGlobalSection
	GlobalSection(ExtensibilityGlobals) = postSolution
		SolutionGuid = {B76FEA51-7630-47DC-98AF-3724D2A91DF3}
	EndGlobalSection
EndGlobal
