
Microsoft Visual Studio Solution File, Format Version 12.00
# Visual Studio Version 16
VisualStudioVersion = 16.0.32602.291
MinimumVisualStudioVersion = 10.0.40219.1
Project("{FAE04EC0-301F-11D3-BF4B-00C04F79EFBC}") = "QnA2CQA", "QnA2CQA.csproj", "{949762E0-B732-4AC5-9E2D-F365FE362370}"
EndProject
Global
	GlobalSection(SolutionConfigurationPlatforms) = preSolution
		Debug|Any CPU = Debug|Any CPU
		Release|Any CPU = Release|Any CPU
	EndGlobalSection
	GlobalSection(ProjectConfigurationPlatforms) = postSolution
		{949762E0-B732-4AC5-9E2D-F365FE362370}.Debug|Any CPU.ActiveCfg = Debug|Any CPU
		{949762E0-B732-4AC5-9E2D-F365FE362370}.Debug|Any CPU.Build.0 = Debug|Any CPU
		{949762E0-B732-4AC5-9E2D-F365FE362370}.Release|Any CPU.ActiveCfg = Release|Any CPU
		{949762E0-B732-4AC5-9E2D-F365FE362370}.Release|Any CPU.Build.0 = Release|Any CPU
	EndGlobalSection
	GlobalSection(SolutionProperties) = preSolution
		HideSolutionNode = FALSE
	EndGlobalSection
	GlobalSection(ExtensibilityGlobals) = postSolution
		SolutionGuid = {0AEBDCD0-CD9D-4D5F-8DAE-7DE81764C3BA}
	EndGlobalSection
EndGlobal
